<Solution>
  <Folder Name="/src/" />
  <Folder Name="/tests/">
    <Project Path="tests/AppFramework.Core.Tests/AppFramework.Core.Tests.csproj" />
    <Project Path="tests/AppFramework.Data.Tests/AppFramework.Data.Tests.csproj" />
  </Folder>
  <Project Path="src/AppFramework.Abstractions/AppFramework.Abstractions.csproj" />
  <Project Path="src/AppFramework.Controls/AppFramework.Controls.csproj" />
  <Project Path="src/AppFramework.Core/AppFramework.Core.csproj" />
  <Project Path="src/AppFramework.Data/AppFramework.Data.csproj" />
  <Project Path="src/AppFramework.Hosting/AppFramework.Hosting.csproj" />
  <Project Path="src/AppFramework.Sync/AppFramework.Sync.csproj" />
</Solution>
